// !$*UTF8*$!
{
	archiveVersion = 1;
	classes = {
	};
	objectVersion = 52;
	objects = {

/* Begin PBXBuildFile section */
		BC3D0DD225D3FF490015E1F6 /* AppDelegate.swift in Sources */ = {isa = PBXBuildFile; fileRef = BC3D0DD125D3FF490015E1F6 /* AppDelegate.swift */; };
		BC3D0DD425D3FF490015E1F6 /* SceneDelegate.swift in Sources */ = {isa = PBXBuildFile; fileRef = BC3D0DD325D3FF490015E1F6 /* SceneDelegate.swift */; };
		BC3D0DD625D3FF490015E1F6 /* ViewController.swift in Sources */ = {isa = PBXBuildFile; fileRef = BC3D0DD525D3FF490015E1F6 /* ViewController.swift */; };
		BC3D0DD925D3FF490015E1F6 /* Main.storyboard in Resources */ = {isa = PBXBuildFile; fileRef = BC3D0DD725D3FF490015E1F6 /* Main.storyboard */; };
		BC3D0DDB25D3FF4B0015E1F6 /* Assets.xcassets in Resources */ = {isa = PBXBuildFile; fileRef = BC3D0DDA25D3FF4B0015E1F6 /* Assets.xcassets */; };
		BC3D0DDE25D3FF4B0015E1F6 /* LaunchScreen.storyboard in Resources */ = {isa = PBXBuildFile; fileRef = BC3D0DDC25D3FF4B0015E1F6 /* LaunchScreen.storyboard */; };
		BC3D0DE925D3FF4B0015E1F6 /* EarlGrey2ExperimentTests.swift in Sources */ = {isa = PBXBuildFile; fileRef = BC3D0DE825D3FF4B0015E1F6 /* EarlGrey2ExperimentTests.swift */; };
		BC3D0DF425D3FF4B0015E1F6 /* EarlGrey2ExperimentUITests.swift in Sources */ = {isa = PBXBuildFile; fileRef = BC3D0DF325D3FF4B0015E1F6 /* EarlGrey2ExperimentUITests.swift */; };
		BC3D0EC225D408EE0015E1F6 /* libTestLib.a in Frameworks */ = {isa = PBXBuildFile; fileRef = BC3D0E9B25D405610015E1F6 /* libTestLib.a */; platformFilter = ios; };
/* End PBXBuildFile section */

/* Begin PBXContainerItemProxy section */
		BC3D0DE525D3FF4B0015E1F6 /* PBXContainerItemProxy */ = {
			isa = PBXContainerItemProxy;
			containerPortal = BC3D0DC625D3FF490015E1F6 /* Project object */;
			proxyType = 1;
			remoteGlobalIDString = BC3D0DCD25D3FF490015E1F6;
			remoteInfo = EarlGrey2Experiment;
		};
		BC3D0DF025D3FF4B0015E1F6 /* PBXContainerItemProxy */ = {
			isa = PBXContainerItemProxy;
			containerPortal = BC3D0DC625D3FF490015E1F6 /* Project object */;
			proxyType = 1;
			remoteGlobalIDString = BC3D0DCD25D3FF490015E1F6;
			remoteInfo = EarlGrey2Experiment;
		};
		BC3D0E9425D405610015E1F6 /* PBXContainerItemProxy */ = {
			isa = PBXContainerItemProxy;
			containerPortal = BC3D0E8C25D405610015E1F6 /* EarlGrey.xcodeproj */;
			proxyType = 2;
			remoteGlobalIDString = FD62395120F56A9700049E81;
			remoteInfo = CommonLib;
		};
		BC3D0E9625D405610015E1F6 /* PBXContainerItemProxy */ = {
			isa = PBXContainerItemProxy;
			containerPortal = BC3D0E8C25D405610015E1F6 /* EarlGrey.xcodeproj */;
			proxyType = 2;
			remoteGlobalIDString = FDF9E03520F82D090005DCF2;
			remoteInfo = UILib;
		};
		BC3D0E9825D405610015E1F6 /* PBXContainerItemProxy */ = {
			isa = PBXContainerItemProxy;
			containerPortal = BC3D0E8C25D405610015E1F6 /* EarlGrey.xcodeproj */;
			proxyType = 2;
			remoteGlobalIDString = FD623A4920F957BE00049E81;
			remoteInfo = AppFramework;
		};
		BC3D0E9A25D405610015E1F6 /* PBXContainerItemProxy */ = {
			isa = PBXContainerItemProxy;
			containerPortal = BC3D0E8C25D405610015E1F6 /* EarlGrey.xcodeproj */;
			proxyType = 2;
			remoteGlobalIDString = FD5048F820FB225100261CBE;
			remoteInfo = TestLib;
		};
/* End PBXContainerItemProxy section */

/* Begin PBXFileReference section */
		BC3D0DCE25D3FF490015E1F6 /* EarlGrey2Experiment.app */ = {isa = PBXFileReference; explicitFileType = wrapper.application; includeInIndex = 0; path = EarlGrey2Experiment.app; sourceTree = BUILT_PRODUCTS_DIR; };
		BC3D0DD125D3FF490015E1F6 /* AppDelegate.swift */ = {isa = PBXFileReference; lastKnownFileType = sourcecode.swift; path = AppDelegate.swift; sourceTree = "<group>"; };
		BC3D0DD325D3FF490015E1F6 /* SceneDelegate.swift */ = {isa = PBXFileReference; lastKnownFileType = sourcecode.swift; path = SceneDelegate.swift; sourceTree = "<group>"; };
		BC3D0DD525D3FF490015E1F6 /* ViewController.swift */ = {isa = PBXFileReference; lastKnownFileType = sourcecode.swift; path = ViewController.swift; sourceTree = "<group>"; };
		BC3D0DD825D3FF490015E1F6 /* Base */ = {isa = PBXFileReference; lastKnownFileType = file.storyboard; name = Base; path = Base.lproj/Main.storyboard; sourceTree = "<group>"; };
		BC3D0DDA25D3FF4B0015E1F6 /* Assets.xcassets */ = {isa = PBXFileReference; lastKnownFileType = folder.assetcatalog; path = Assets.xcassets; sourceTree = "<group>"; };
		BC3D0DDD25D3FF4B0015E1F6 /* Base */ = {isa = PBXFileReference; lastKnownFileType = file.storyboard; name = Base; path = Base.lproj/LaunchScreen.storyboard; sourceTree = "<group>"; };
		BC3D0DDF25D3FF4B0015E1F6 /* Info.plist */ = {isa = PBXFileReference; lastKnownFileType = text.plist.xml; path = Info.plist; sourceTree = "<group>"; };
		BC3D0DE425D3FF4B0015E1F6 /* EarlGrey2ExperimentTests.xctest */ = {isa = PBXFileReference; explicitFileType = wrapper.cfbundle; includeInIndex = 0; path = EarlGrey2ExperimentTests.xctest; sourceTree = BUILT_PRODUCTS_DIR; };
		BC3D0DE825D3FF4B0015E1F6 /* EarlGrey2ExperimentTests.swift */ = {isa = PBXFileReference; lastKnownFileType = sourcecode.swift; path = EarlGrey2ExperimentTests.swift; sourceTree = "<group>"; };
		BC3D0DEA25D3FF4B0015E1F6 /* Info.plist */ = {isa = PBXFileReference; lastKnownFileType = text.plist.xml; path = Info.plist; sourceTree = "<group>"; };
		BC3D0DEF25D3FF4B0015E1F6 /* EarlGrey2ExperimentUITests.xctest */ = {isa = PBXFileReference; explicitFileType = wrapper.cfbundle; includeInIndex = 0; path = EarlGrey2ExperimentUITests.xctest; sourceTree = BUILT_PRODUCTS_DIR; };
		BC3D0DF325D3FF4B0015E1F6 /* EarlGrey2ExperimentUITests.swift */ = {isa = PBXFileReference; lastKnownFileType = sourcecode.swift; path = EarlGrey2ExperimentUITests.swift; sourceTree = "<group>"; };
		BC3D0DF525D3FF4B0015E1F6 /* Info.plist */ = {isa = PBXFileReference; lastKnownFileType = text.plist.xml; path = Info.plist; sourceTree = "<group>"; };
		BC3D0E8C25D405610015E1F6 /* EarlGrey.xcodeproj */ = {isa = PBXFileReference; lastKnownFileType = "wrapper.pb-project"; name = EarlGrey.xcodeproj; path = ../EarlGrey/EarlGrey.xcodeproj; sourceTree = "<group>"; };
/* End PBXFileReference section */

/* Begin PBXFrameworksBuildPhase section */
		BC3D0DCB25D3FF490015E1F6 /* Frameworks */ = {
			isa = PBXFrameworksBuildPhase;
			buildActionMask = 2147483647;
			files = (
			);
			runOnlyForDeploymentPostprocessing = 0;
		};
		BC3D0DE125D3FF4B0015E1F6 /* Frameworks */ = {
			isa = PBXFrameworksBuildPhase;
			buildActionMask = 2147483647;
			files = (
			);
			runOnlyForDeploymentPostprocessing = 0;
		};
		BC3D0DEC25D3FF4B0015E1F6 /* Frameworks */ = {
			isa = PBXFrameworksBuildPhase;
			buildActionMask = 2147483647;
			files = (
				BC3D0EC225D408EE0015E1F6 /* libTestLib.a in Frameworks */,
			);
			runOnlyForDeploymentPostprocessing = 0;
		};
/* End PBXFrameworksBuildPhase section */

/* Begin PBXGroup section */
		BC3D0DC525D3FF490015E1F6 = {
			isa = PBXGroup;
			children = (
				BC3D0E8C25D405610015E1F6 /* EarlGrey.xcodeproj */,
				BC3D0DD025D3FF490015E1F6 /* EarlGrey2Experiment */,
				BC3D0DE725D3FF4B0015E1F6 /* EarlGrey2ExperimentTests */,
				BC3D0DF225D3FF4B0015E1F6 /* EarlGrey2ExperimentUITests */,
				BC3D0DCF25D3FF490015E1F6 /* Products */,
				BC3D0EB125D406770015E1F6 /* Frameworks */,
			);
			sourceTree = "<group>";
		};
		BC3D0DCF25D3FF490015E1F6 /* Products */ = {
			isa = PBXGroup;
			children = (
				BC3D0DCE25D3FF490015E1F6 /* EarlGrey2Experiment.app */,
				BC3D0DE425D3FF4B0015E1F6 /* EarlGrey2ExperimentTests.xctest */,
				BC3D0DEF25D3FF4B0015E1F6 /* EarlGrey2ExperimentUITests.xctest */,
			);
			name = Products;
			sourceTree = "<group>";
		};
		BC3D0DD025D3FF490015E1F6 /* EarlGrey2Experiment */ = {
			isa = PBXGroup;
			children = (
				BC3D0DD125D3FF490015E1F6 /* AppDelegate.swift */,
				BC3D0DD325D3FF490015E1F6 /* SceneDelegate.swift */,
				BC3D0DD525D3FF490015E1F6 /* ViewController.swift */,
				BC3D0DD725D3FF490015E1F6 /* Main.storyboard */,
				BC3D0DDA25D3FF4B0015E1F6 /* Assets.xcassets */,
				BC3D0DDC25D3FF4B0015E1F6 /* LaunchScreen.storyboard */,
				BC3D0DDF25D3FF4B0015E1F6 /* Info.plist */,
			);
			path = EarlGrey2Experiment;
			sourceTree = "<group>";
		};
		BC3D0DE725D3FF4B0015E1F6 /* EarlGrey2ExperimentTests */ = {
			isa = PBXGroup;
			children = (
				BC3D0DE825D3FF4B0015E1F6 /* EarlGrey2ExperimentTests.swift */,
				BC3D0DEA25D3FF4B0015E1F6 /* Info.plist */,
			);
			path = EarlGrey2ExperimentTests;
			sourceTree = "<group>";
		};
		BC3D0DF225D3FF4B0015E1F6 /* EarlGrey2ExperimentUITests */ = {
			isa = PBXGroup;
			children = (
				BC3D0DF325D3FF4B0015E1F6 /* EarlGrey2ExperimentUITests.swift */,
				BC3D0DF525D3FF4B0015E1F6 /* Info.plist */,
			);
			path = EarlGrey2ExperimentUITests;
			sourceTree = "<group>";
		};
		BC3D0E8D25D405610015E1F6 /* Products */ = {
			isa = PBXGroup;
			children = (
				BC3D0E9525D405610015E1F6 /* libCommonLib.a */,
				BC3D0E9725D405610015E1F6 /* libUILib.a */,
				BC3D0E9925D405610015E1F6 /* AppFramework.framework */,
				BC3D0E9B25D405610015E1F6 /* libTestLib.a */,
			);
			name = Products;
			sourceTree = "<group>";
		};
		BC3D0EB125D406770015E1F6 /* Frameworks */ = {
			isa = PBXGroup;
			children = (
			);
			name = Frameworks;
			sourceTree = "<group>";
		};
/* End PBXGroup section */

/* Begin PBXNativeTarget section */
		BC3D0DCD25D3FF490015E1F6 /* EarlGrey2Experiment */ = {
			isa = PBXNativeTarget;
			buildConfigurationList = BC3D0DF825D3FF4B0015E1F6 /* Build configuration list for PBXNativeTarget "EarlGrey2Experiment" */;
			buildPhases = (
				BC3D0DCA25D3FF490015E1F6 /* Sources */,
				BC3D0DCB25D3FF490015E1F6 /* Frameworks */,
				BC3D0DCC25D3FF490015E1F6 /* Resources */,
			);
			buildRules = (
			);
			dependencies = (
			);
			name = EarlGrey2Experiment;
			productName = EarlGrey2Experiment;
			productReference = BC3D0DCE25D3FF490015E1F6 /* EarlGrey2Experiment.app */;
			productType = "com.apple.product-type.application";
		};
		BC3D0DE325D3FF4B0015E1F6 /* EarlGrey2ExperimentTests */ = {
			isa = PBXNativeTarget;
			buildConfigurationList = BC3D0DFB25D3FF4B0015E1F6 /* Build configuration list for PBXNativeTarget "EarlGrey2ExperimentTests" */;
			buildPhases = (
				BC3D0DE025D3FF4B0015E1F6 /* Sources */,
				BC3D0DE125D3FF4B0015E1F6 /* Frameworks */,
				BC3D0DE225D3FF4B0015E1F6 /* Resources */,
			);
			buildRules = (
			);
			dependencies = (
				BC3D0DE625D3FF4B0015E1F6 /* PBXTargetDependency */,
			);
			name = EarlGrey2ExperimentTests;
			productName = EarlGrey2ExperimentTests;
			productReference = BC3D0DE425D3FF4B0015E1F6 /* EarlGrey2ExperimentTests.xctest */;
			productType = "com.apple.product-type.bundle.unit-test";
		};
		BC3D0DEE25D3FF4B0015E1F6 /* EarlGrey2ExperimentUITests */ = {
			isa = PBXNativeTarget;
			buildConfigurationList = BC3D0DFE25D3FF4B0015E1F6 /* Build configuration list for PBXNativeTarget "EarlGrey2ExperimentUITests" */;
			buildPhases = (
				BC3D0DEB25D3FF4B0015E1F6 /* Sources */,
				BC3D0DEC25D3FF4B0015E1F6 /* Frameworks */,
				BC3D0DED25D3FF4B0015E1F6 /* Resources */,
			);
			buildRules = (
			);
			dependencies = (
				BC3D0DF125D3FF4B0015E1F6 /* PBXTargetDependency */,
			);
			name = EarlGrey2ExperimentUITests;
			productName = EarlGrey2ExperimentUITests;
			productReference = BC3D0DEF25D3FF4B0015E1F6 /* EarlGrey2ExperimentUITests.xctest */;
			productType = "com.apple.product-type.bundle.ui-testing";
		};
/* End PBXNativeTarget section */

/* Begin PBXProject section */
		BC3D0DC625D3FF490015E1F6 /* Project object */ = {
			isa = PBXProject;
			attributes = {
				LastSwiftUpdateCheck = 1230;
				LastUpgradeCheck = 1230;
				TargetAttributes = {
					BC3D0DCD25D3FF490015E1F6 = {
						CreatedOnToolsVersion = 12.3;
					};
					BC3D0DE325D3FF4B0015E1F6 = {
						CreatedOnToolsVersion = 12.3;
						TestTargetID = BC3D0DCD25D3FF490015E1F6;
					};
					BC3D0DEE25D3FF4B0015E1F6 = {
						CreatedOnToolsVersion = 12.3;
						TestTargetID = BC3D0DCD25D3FF490015E1F6;
					};
				};
			};
			buildConfigurationList = BC3D0DC925D3FF490015E1F6 /* Build configuration list for PBXProject "EarlGrey2Experiment" */;
			compatibilityVersion = "Xcode 9.3";
			developmentRegion = en;
			hasScannedForEncodings = 0;
			knownRegions = (
				en,
				Base,
			);
			mainGroup = BC3D0DC525D3FF490015E1F6;
			productRefGroup = BC3D0DCF25D3FF490015E1F6 /* Products */;
			projectDirPath = "";
			projectReferences = (
				{
					ProductGroup = BC3D0E8D25D405610015E1F6 /* Products */;
					ProjectRef = BC3D0E8C25D405610015E1F6 /* EarlGrey.xcodeproj */;
				},
			);
			projectRoot = "";
			targets = (
				BC3D0DCD25D3FF490015E1F6 /* EarlGrey2Experiment */,
				BC3D0DE325D3FF4B0015E1F6 /* EarlGrey2ExperimentTests */,
				BC3D0DEE25D3FF4B0015E1F6 /* EarlGrey2ExperimentUITests */,
			);
		};
/* End PBXProject section */

/* Begin PBXReferenceProxy section */
		BC3D0E9525D405610015E1F6 /* libCommonLib.a */ = {
			isa = PBXReferenceProxy;
			fileType = archive.ar;
			path = libCommonLib.a;
			remoteRef = BC3D0E9425D405610015E1F6 /* PBXContainerItemProxy */;
			sourceTree = BUILT_PRODUCTS_DIR;
		};
		BC3D0E9725D405610015E1F6 /* libUILib.a */ = {
			isa = PBXReferenceProxy;
			fileType = archive.ar;
			path = libUILib.a;
			remoteRef = BC3D0E9625D405610015E1F6 /* PBXContainerItemProxy */;
			sourceTree = BUILT_PRODUCTS_DIR;
		};
		BC3D0E9925D405610015E1F6 /* AppFramework.framework */ = {
			isa = PBXReferenceProxy;
			fileType = wrapper.framework;
			path = AppFramework.framework;
			remoteRef = BC3D0E9825D405610015E1F6 /* PBXContainerItemProxy */;
			sourceTree = BUILT_PRODUCTS_DIR;
		};
		BC3D0E9B25D405610015E1F6 /* libTestLib.a */ = {
			isa = PBXReferenceProxy;
			fileType = archive.ar;
			path = libTestLib.a;
			remoteRef = BC3D0E9A25D405610015E1F6 /* PBXContainerItemProxy */;
			sourceTree = BUILT_PRODUCTS_DIR;
		};
/* End PBXReferenceProxy section */

/* Begin PBXResourcesBuildPhase section */
		BC3D0DCC25D3FF490015E1F6 /* Resources */ = {
			isa = PBXResourcesBuildPhase;
			buildActionMask = 2147483647;
			files = (
				BC3D0DDE25D3FF4B0015E1F6 /* LaunchScreen.storyboard in Resources */,
				BC3D0DDB25D3FF4B0015E1F6 /* Assets.xcassets in Resources */,
				BC3D0DD925D3FF490015E1F6 /* Main.storyboard in Resources */,
			);
			runOnlyForDeploymentPostprocessing = 0;
		};
		BC3D0DE225D3FF4B0015E1F6 /* Resources */ = {
			isa = PBXResourcesBuildPhase;
			buildActionMask = 2147483647;
			files = (
			);
			runOnlyForDeploymentPostprocessing = 0;
		};
		BC3D0DED25D3FF4B0015E1F6 /* Resources */ = {
			isa = PBXResourcesBuildPhase;
			buildActionMask = 2147483647;
			files = (
			);
			runOnlyForDeploymentPostprocessing = 0;
		};
/* End PBXResourcesBuildPhase section */

/* Begin PBXSourcesBuildPhase section */
		BC3D0DCA25D3FF490015E1F6 /* Sources */ = {
			isa = PBXSourcesBuildPhase;
			buildActionMask = 2147483647;
			files = (
				BC3D0DD625D3FF490015E1F6 /* ViewController.swift in Sources */,
				BC3D0DD225D3FF490015E1F6 /* AppDelegate.swift in Sources */,
				BC3D0DD425D3FF490015E1F6 /* SceneDelegate.swift in Sources */,
			);
			runOnlyForDeploymentPostprocessing = 0;
		};
		BC3D0DE025D3FF4B0015E1F6 /* Sources */ = {
			isa = PBXSourcesBuildPhase;
			buildActionMask = 2147483647;
			files = (
				BC3D0DE925D3FF4B0015E1F6 /* EarlGrey2ExperimentTests.swift in Sources */,
			);
			runOnlyForDeploymentPostprocessing = 0;
		};
		BC3D0DEB25D3FF4B0015E1F6 /* Sources */ = {
			isa = PBXSourcesBuildPhase;
			buildActionMask = 2147483647;
			files = (
				BC3D0DF425D3FF4B0015E1F6 /* EarlGrey2ExperimentUITests.swift in Sources */,
			);
			runOnlyForDeploymentPostprocessing = 0;
		};
/* End PBXSourcesBuildPhase section */

/* Begin PBXTargetDependency section */
		BC3D0DE625D3FF4B0015E1F6 /* PBXTargetDependency */ = {
			isa = PBXTargetDependency;
			target = BC3D0DCD25D3FF490015E1F6 /* EarlGrey2Experiment */;
			targetProxy = BC3D0DE525D3FF4B0015E1F6 /* PBXContainerItemProxy */;
		};
		BC3D0DF125D3FF4B0015E1F6 /* PBXTargetDependency */ = {
			isa = PBXTargetDependency;
			target = BC3D0DCD25D3FF490015E1F6 /* EarlGrey2Experiment */;
			targetProxy = BC3D0DF025D3FF4B0015E1F6 /* PBXContainerItemProxy */;
		};
/* End PBXTargetDependency section */

/* Begin PBXVariantGroup section */
		BC3D0DD725D3FF490015E1F6 /* Main.storyboard */ = {
			isa = PBXVariantGroup;
			children = (
				BC3D0DD825D3FF490015E1F6 /* Base */,
			);
			name = Main.storyboard;
			sourceTree = "<group>";
		};
		BC3D0DDC25D3FF4B0015E1F6 /* LaunchScreen.storyboard */ = {
			isa = PBXVariantGroup;
			children = (
				BC3D0DDD25D3FF4B0015E1F6 /* Base */,
			);
			name = LaunchScreen.storyboard;
			sourceTree = "<group>";
		};
/* End PBXVariantGroup section */

/* Begin XCBuildConfiguration section */
		BC3D0DF625D3FF4B0015E1F6 /* Debug */ = {
			isa = XCBuildConfiguration;
			buildSettings = {
				ALWAYS_SEARCH_USER_PATHS = NO;
				CLANG_ANALYZER_NONNULL = YES;
				CLANG_ANALYZER_NUMBER_OBJECT_CONVERSION = YES_AGGRESSIVE;
				CLANG_CXX_LANGUAGE_STANDARD = "gnu++14";
				CLANG_CXX_LIBRARY = "libc++";
				CLANG_ENABLE_MODULES = YES;
				CLANG_ENABLE_OBJC_ARC = YES;
				CLANG_ENABLE_OBJC_WEAK = YES;
				CLANG_WARN_BLOCK_CAPTURE_AUTORELEASING = YES;
				CLANG_WARN_BOOL_CONVERSION = YES;
				CLANG_WARN_COMMA = YES;
				CLANG_WARN_CONSTANT_CONVERSION = YES;
				CLANG_WARN_DEPRECATED_OBJC_IMPLEMENTATIONS = YES;
				CLANG_WARN_DIRECT_OBJC_ISA_USAGE = YES_ERROR;
				CLANG_WARN_DOCUMENTATION_COMMENTS = YES;
				CLANG_WARN_EMPTY_BODY = YES;
				CLANG_WARN_ENUM_CONVERSION = YES;
				CLANG_WARN_INFINITE_RECURSION = YES;
				CLANG_WARN_INT_CONVERSION = YES;
				CLANG_WARN_NON_LITERAL_NULL_CONVERSION = YES;
				CLANG_WARN_OBJC_IMPLICIT_RETAIN_SELF = YES;
				CLANG_WARN_OBJC_LITERAL_CONVERSION = YES;
				CLANG_WARN_OBJC_ROOT_CLASS = YES_ERROR;
				CLANG_WARN_QUOTED_INCLUDE_IN_FRAMEWORK_HEADER = YES;
				CLANG_WARN_RANGE_LOOP_ANALYSIS = YES;
				CLANG_WARN_STRICT_PROTOTYPES = YES;
				CLANG_WARN_SUSPICIOUS_MOVE = YES;
				CLANG_WARN_UNGUARDED_AVAILABILITY = YES_AGGRESSIVE;
				CLANG_WARN_UNREACHABLE_CODE = YES;
				CLANG_WARN__DUPLICATE_METHOD_MATCH = YES;
				COPY_PHASE_STRIP = NO;
				DEBUG_INFORMATION_FORMAT = dwarf;
				ENABLE_STRICT_OBJC_MSGSEND = YES;
				ENABLE_TESTABILITY = YES;
				GCC_C_LANGUAGE_STANDARD = gnu11;
				GCC_DYNAMIC_NO_PIC = NO;
				GCC_NO_COMMON_BLOCKS = YES;
				GCC_OPTIMIZATION_LEVEL = 0;
				GCC_PREPROCESSOR_DEFINITIONS = (
					"DEBUG=1",
					"$(inherited)",
				);
				GCC_WARN_64_TO_32_BIT_CONVERSION = YES;
				GCC_WARN_ABOUT_RETURN_TYPE = YES_ERROR;
				GCC_WARN_UNDECLARED_SELECTOR = YES;
				GCC_WARN_UNINITIALIZED_AUTOS = YES_AGGRESSIVE;
				GCC_WARN_UNUSED_FUNCTION = YES;
				GCC_WARN_UNUSED_VARIABLE = YES;
				IPHONEOS_DEPLOYMENT_TARGET = 14.3;
				MTL_ENABLE_DEBUG_INFO = INCLUDE_SOURCE;
				MTL_FAST_MATH = YES;
				ONLY_ACTIVE_ARCH = YES;
				SDKROOT = iphoneos;
				SWIFT_ACTIVE_COMPILATION_CONDITIONS = DEBUG;
				SWIFT_OPTIMIZATION_LEVEL = "-Onone";
			};
			name = Debug;
		};
		BC3D0DF725D3FF4B0015E1F6 /* Release */ = {
			isa = XCBuildConfiguration;
			buildSettings = {
				ALWAYS_SEARCH_USER_PATHS = NO;
				CLANG_ANALYZER_NONNULL = YES;
				CLANG_ANALYZER_NUMBER_OBJECT_CONVERSION = YES_AGGRESSIVE;
				CLANG_CXX_LANGUAGE_STANDARD = "gnu++14";
				CLANG_CXX_LIBRARY = "libc++";
				CLANG_ENABLE_MODULES = YES;
				CLANG_ENABLE_OBJC_ARC = YES;
				CLANG_ENABLE_OBJC_WEAK = YES;
				CLANG_WARN_BLOCK_CAPTURE_AUTORELEASING = YES;
				CLANG_WARN_BOOL_CONVERSION = YES;
				CLANG_WARN_COMMA = YES;
				CLANG_WARN_CONSTANT_CONVERSION = YES;
				CLANG_WARN_DEPRECATED_OBJC_IMPLEMENTATIONS = YES;
				CLANG_WARN_DIRECT_OBJC_ISA_USAGE = YES_ERROR;
				CLANG_WARN_DOCUMENTATION_COMMENTS = YES;
				CLANG_WARN_EMPTY_BODY = YES;
				CLANG_WARN_ENUM_CONVERSION = YES;
				CLANG_WARN_INFINITE_RECURSION = YES;
				CLANG_WARN_INT_CONVERSION = YES;
				CLANG_WARN_NON_LITERAL_NULL_CONVERSION = YES;
				CLANG_WARN_OBJC_IMPLICIT_RETAIN_SELF = YES;
				CLANG_WARN_OBJC_LITERAL_CONVERSION = YES;
				CLANG_WARN_OBJC_ROOT_CLASS = YES_ERROR;
				CLANG_WARN_QUOTED_INCLUDE_IN_FRAMEWORK_HEADER = YES;
				CLANG_WARN_RANGE_LOOP_ANALYSIS = YES;
				CLANG_WARN_STRICT_PROTOTYPES = YES;
				CLANG_WARN_SUSPICIOUS_MOVE = YES;
				CLANG_WARN_UNGUARDED_AVAILABILITY = YES_AGGRESSIVE;
				CLANG_WARN_UNREACHABLE_CODE = YES;
				CLANG_WARN__DUPLICATE_METHOD_MATCH = YES;
				COPY_PHASE_STRIP = NO;
				DEBUG_INFORMATION_FORMAT = "dwarf-with-dsym";
				ENABLE_NS_ASSERTIONS = NO;
				ENABLE_STRICT_OBJC_MSGSEND = YES;
				GCC_C_LANGUAGE_STANDARD = gnu11;
				GCC_NO_COMMON_BLOCKS = YES;
				GCC_WARN_64_TO_32_BIT_CONVERSION = YES;
				GCC_WARN_ABOUT_RETURN_TYPE = YES_ERROR;
				GCC_WARN_UNDECLARED_SELECTOR = YES;
				GCC_WARN_UNINITIALIZED_AUTOS = YES_AGGRESSIVE;
				GCC_WARN_UNUSED_FUNCTION = YES;
				GCC_WARN_UNUSED_VARIABLE = YES;
				IPHONEOS_DEPLOYMENT_TARGET = 14.3;
				MTL_ENABLE_DEBUG_INFO = NO;
				MTL_FAST_MATH = YES;
				SDKROOT = iphoneos;
				SWIFT_COMPILATION_MODE = wholemodule;
				SWIFT_OPTIMIZATION_LEVEL = "-O";
				VALIDATE_PRODUCT = YES;
			};
			name = Release;
		};
		BC3D0DF925D3FF4B0015E1F6 /* Debug */ = {
			isa = XCBuildConfiguration;
			buildSettings = {
				ASSETCATALOG_COMPILER_APPICON_NAME = AppIcon;
				ASSETCATALOG_COMPILER_GLOBAL_ACCENT_COLOR_NAME = AccentColor;
				CODE_SIGN_STYLE = Automatic;
				INFOPLIST_FILE = EarlGrey2Experiment/Info.plist;
				LD_RUNPATH_SEARCH_PATHS = (
					"$(inherited)",
					"@executable_path/Frameworks",
				);
				PRODUCT_BUNDLE_IDENTIFIER = com.tazkiyatech.EarlGrey2Experiment;
				PRODUCT_NAME = "$(TARGET_NAME)";
				SWIFT_VERSION = 5.0;
				TARGETED_DEVICE_FAMILY = "1,2";
			};
			name = Debug;
		};
		BC3D0DFA25D3FF4B0015E1F6 /* Release */ = {
			isa = XCBuildConfiguration;
			buildSettings = {
				ASSETCATALOG_COMPILER_APPICON_NAME = AppIcon;
				ASSETCATALOG_COMPILER_GLOBAL_ACCENT_COLOR_NAME = AccentColor;
				CODE_SIGN_STYLE = Automatic;
				INFOPLIST_FILE = EarlGrey2Experiment/Info.plist;
				LD_RUNPATH_SEARCH_PATHS = (
					"$(inherited)",
					"@executable_path/Frameworks",
				);
				PRODUCT_BUNDLE_IDENTIFIER = com.tazkiyatech.EarlGrey2Experiment;
				PRODUCT_NAME = "$(TARGET_NAME)";
				SWIFT_VERSION = 5.0;
				TARGETED_DEVICE_FAMILY = "1,2";
			};
			name = Release;
		};
		BC3D0DFC25D3FF4B0015E1F6 /* Debug */ = {
			isa = XCBuildConfiguration;
			buildSettings = {
				ALWAYS_EMBED_SWIFT_STANDARD_LIBRARIES = YES;
				BUNDLE_LOADER = "$(TEST_HOST)";
				CODE_SIGN_STYLE = Automatic;
				INFOPLIST_FILE = EarlGrey2ExperimentTests/Info.plist;
				IPHONEOS_DEPLOYMENT_TARGET = 14.3;
				LD_RUNPATH_SEARCH_PATHS = (
					"$(inherited)",
					"@executable_path/Frameworks",
					"@loader_path/Frameworks",
				);
				PRODUCT_BUNDLE_IDENTIFIER = com.tazkiyatech.EarlGrey2ExperimentTests;
				PRODUCT_NAME = "$(TARGET_NAME)";
				SWIFT_VERSION = 5.0;
				TARGETED_DEVICE_FAMILY = "1,2";
				TEST_HOST = "$(BUILT_PRODUCTS_DIR)/EarlGrey2Experiment.app/EarlGrey2Experiment";
			};
			name = Debug;
		};
		BC3D0DFD25D3FF4B0015E1F6 /* Release */ = {
			isa = XCBuildConfiguration;
			buildSettings = {
				ALWAYS_EMBED_SWIFT_STANDARD_LIBRARIES = YES;
				BUNDLE_LOADER = "$(TEST_HOST)";
				CODE_SIGN_STYLE = Automatic;
				INFOPLIST_FILE = EarlGrey2ExperimentTests/Info.plist;
				IPHONEOS_DEPLOYMENT_TARGET = 14.3;
				LD_RUNPATH_SEARCH_PATHS = (
					"$(inherited)",
					"@executable_path/Frameworks",
					"@loader_path/Frameworks",
				);
				PRODUCT_BUNDLE_IDENTIFIER = com.tazkiyatech.EarlGrey2ExperimentTests;
				PRODUCT_NAME = "$(TARGET_NAME)";
				SWIFT_VERSION = 5.0;
				TARGETED_DEVICE_FAMILY = "1,2";
				TEST_HOST = "$(BUILT_PRODUCTS_DIR)/EarlGrey2Experiment.app/EarlGrey2Experiment";
			};
			name = Release;
		};
		BC3D0DFF25D3FF4B0015E1F6 /* Debug */ = {
			isa = XCBuildConfiguration;
			buildSettings = {
				ALWAYS_EMBED_SWIFT_STANDARD_LIBRARIES = YES;
				CODE_SIGN_STYLE = Automatic;
				INFOPLIST_FILE = EarlGrey2ExperimentUITests/Info.plist;
				LD_RUNPATH_SEARCH_PATHS = (
					"$(inherited)",
					"@executable_path/Frameworks",
					"@loader_path/Frameworks",
				);
				OTHER_LDFLAGS = "-ObjC";
				PRODUCT_BUNDLE_IDENTIFIER = com.tazkiyatech.EarlGrey2ExperimentUITests;
				PRODUCT_NAME = "$(TARGET_NAME)";
				SWIFT_VERSION = 5.0;
				TARGETED_DEVICE_FAMILY = "1,2";
				TEST_TARGET_NAME = EarlGrey2Experiment;
				USER_HEADER_SEARCH_PATHS = (
					"../EarlGrey/**",
					"../EarlGrey/Submodules/eDistantObject/**",
				);
			};
			name = Debug;
		};
		BC3D0E0025D3FF4B0015E1F6 /* Release */ = {
			isa = XCBuildConfiguration;
			buildSettings = {
				ALWAYS_EMBED_SWIFT_STANDARD_LIBRARIES = YES;
				CODE_SIGN_STYLE = Automatic;
				INFOPLIST_FILE = EarlGrey2ExperimentUITests/Info.plist;
				LD_RUNPATH_SEARCH_PATHS = (
					"$(inherited)",
					"@executable_path/Frameworks",
					"@loader_path/Frameworks",
				);
				OTHER_LDFLAGS = "-ObjC";
				PRODUCT_BUNDLE_IDENTIFIER = com.tazkiyatech.EarlGrey2ExperimentUITests;
				PRODUCT_NAME = "$(TARGET_NAME)";
				SWIFT_VERSION = 5.0;
				TARGETED_DEVICE_FAMILY = "1,2";
				TEST_TARGET_NAME = EarlGrey2Experiment;
				USER_HEADER_SEARCH_PATHS = (
					"../EarlGrey/**",
					"../EarlGrey/Submodules/eDistantObject/**",
				);
			};
			name = Release;
		};
/* End XCBuildConfiguration section */

/* Begin XCConfigurationList section */
		BC3D0DC925D3FF490015E1F6 /* Build configuration list for PBXProject "EarlGrey2Experiment" */ = {
			isa = XCConfigurationList;
			buildConfigurations = (
				BC3D0DF625D3FF4B0015E1F6 /* Debug */,
				BC3D0DF725D3FF4B0015E1F6 /* Release */,
			);
			defaultConfigurationIsVisible = 0;
			defaultConfigurationName = Release;
		};
		BC3D0DF825D3FF4B0015E1F6 /* Build configuration list for PBXNativeTarget "EarlGrey2Experiment" */ = {
			isa = XCConfigurationList;
			buildConfigurations = (
				BC3D0DF925D3FF4B0015E1F6 /* Debug */,
				BC3D0DFA25D3FF4B0015E1F6 /* Release */,
			);
			defaultConfigurationIsVisible = 0;
			defaultConfigurationName = Release;
		};
		BC3D0DFB25D3FF4B0015E1F6 /* Build configuration list for PBXNativeTarget "EarlGrey2ExperimentTests" */ = {
			isa = XCConfigurationList;
			buildConfigurations = (
				BC3D0DFC25D3FF4B0015E1F6 /* Debug */,
				BC3D0DFD25D3FF4B0015E1F6 /* Release */,
			);
			defaultConfigurationIsVisible = 0;
			defaultConfigurationName = Release;
		};
		BC3D0DFE25D3FF4B0015E1F6 /* Build configuration list for PBXNativeTarget "EarlGrey2ExperimentUITests" */ = {
			isa = XCConfigurationList;
			buildConfigurations = (
				BC3D0DFF25D3FF4B0015E1F6 /* Debug */,
				BC3D0E0025D3FF4B0015E1F6 /* Release */,
			);
			defaultConfigurationIsVisible = 0;
			defaultConfigurationName = Release;
		};
/* End XCConfigurationList section */
	};
	rootObject = BC3D0DC625D3FF490015E1F6 /* Project object */;
}
